
Microsoft Visual Studio Solution File, Format Version 12.00
# Visual Studio Version 17
VisualStudioVersion = 17.3.32929.385
MinimumVisualStudioVersion = 10.0.40219.1
Project("{FAE04EC0-301F-11D3-BF4B-00C04F79EFBC}") = "11.01 Кол", "11.01 Кол\11.01 Кол.csproj", "{F318A604-6492-4B52-8A52-7412D5014966}"
EndProject
Global
	GlobalSection(SolutionConfigurationPlatforms) = preSolution
		Debug|Any CPU = Debug|Any CPU
		Release|Any CPU = Release|Any CPU
	EndGlobalSection
	GlobalSection(ProjectConfigurationPlatforms) = postSolution
		{F318A604-6492-4B52-8A52-7412D5014966}.Debug|Any CPU.ActiveCfg = Debug|Any CPU
		{F318A604-6492-4B52-8A52-7412D5014966}.Debug|Any CPU.Build.0 = Debug|Any CPU
		{F318A604-6492-4B52-8A52-7412D5014966}.Release|Any CPU.ActiveCfg = Release|Any CPU
		{F318A604-6492-4B52-8A52-7412D5014966}.Release|Any CPU.Build.0 = Release|Any CPU
	EndGlobalSection
	GlobalSection(SolutionProperties) = preSolution
		HideSolutionNode = FALSE
	EndGlobalSection
	GlobalSection(ExtensibilityGlobals) = postSolution
		SolutionGuid = {A4DE6BD4-A0AB-4E4B-94D0-23D8EEB2A402}
	EndGlobalSection
EndGlobal
